
Microsoft Visual Studio Solution File, Format Version 12.00
# Visual Studio Version 17
VisualStudioVersion = 17.0.31903.59
MinimumVisualStudioVersion = 10.0.40219.1
Project("{FAE04EC0-301F-11D3-BF4B-00C04F79EFBC}") = "API", "API\API.csproj", "{33E331A4-FC70-40DD-9877-2B3E1E1C57CD}"
EndProject
Project("{FAE04EC0-301F-11D3-BF4B-00C04F79EFBC}") = "Application", "Application\Application.csproj", "{2B7BEACF-AFE8-4E62-9E32-99AE5AF9E402}"
EndProject
Project("{FAE04EC0-301F-11D3-BF4B-00C04F79EFBC}") = "Domain", "Domain\Domain.csproj", "{4E90EEBB-0B15-4EA2-84A1-981EE1496813}"
EndProject
Project("{FAE04EC0-301F-11D3-BF4B-00C04F79EFBC}") = "Persistence", "Persistence\Persistence.csproj", "{7A6268AA-61C4-4F3D-B826-A8FFD6DD2CA3}"
EndProject
Global
	GlobalSection(SolutionConfigurationPlatforms) = preSolution
		Debug|Any CPU = Debug|Any CPU
		Debug|x64 = Debug|x64
		Debug|x86 = Debug|x86
		Release|Any CPU = Release|Any CPU
		Release|x64 = Release|x64
		Release|x86 = Release|x86
	EndGlobalSection
	GlobalSection(ProjectConfigurationPlatforms) = postSolution
		{33E331A4-FC70-40DD-9877-2B3E1E1C57CD}.Debug|Any CPU.ActiveCfg = Debug|Any CPU
		{33E331A4-FC70-40DD-9877-2B3E1E1C57CD}.Debug|Any CPU.Build.0 = Debug|Any CPU
		{33E331A4-FC70-40DD-9877-2B3E1E1C57CD}.Debug|x64.ActiveCfg = Debug|Any CPU
		{33E331A4-FC70-40DD-9877-2B3E1E1C57CD}.Debug|x64.Build.0 = Debug|Any CPU
		{33E331A4-FC70-40DD-9877-2B3E1E1C57CD}.Debug|x86.ActiveCfg = Debug|Any CPU
		{33E331A4-FC70-40DD-9877-2B3E1E1C57CD}.Debug|x86.Build.0 = Debug|Any CPU
		{33E331A4-FC70-40DD-9877-2B3E1E1C57CD}.Release|Any CPU.ActiveCfg = Release|Any CPU
		{33E331A4-FC70-40DD-9877-2B3E1E1C57CD}.Release|Any CPU.Build.0 = Release|Any CPU
		{33E331A4-FC70-40DD-9877-2B3E1E1C57CD}.Release|x64.ActiveCfg = Release|Any CPU
		{33E331A4-FC70-40DD-9877-2B3E1E1C57CD}.Release|x64.Build.0 = Release|Any CPU
		{33E331A4-FC70-40DD-9877-2B3E1E1C57CD}.Release|x86.ActiveCfg = Release|Any CPU
		{33E331A4-FC70-40DD-9877-2B3E1E1C57CD}.Release|x86.Build.0 = Release|Any CPU
		{2B7BEACF-AFE8-4E62-9E32-99AE5AF9E402}.Debug|Any CPU.ActiveCfg = Debug|Any CPU
		{2B7BEACF-AFE8-4E62-9E32-99AE5AF9E402}.Debug|Any CPU.Build.0 = Debug|Any CPU
		{2B7BEACF-AFE8-4E62-9E32-99AE5AF9E402}.Debug|x64.ActiveCfg = Debug|Any CPU
		{2B7BEACF-AFE8-4E62-9E32-99AE5AF9E402}.Debug|x64.Build.0 = Debug|Any CPU
		{2B7BEACF-AFE8-4E62-9E32-99AE5AF9E402}.Debug|x86.ActiveCfg = Debug|Any CPU
		{2B7BEACF-AFE8-4E62-9E32-99AE5AF9E402}.Debug|x86.Build.0 = Debug|Any CPU
		{2B7BEACF-AFE8-4E62-9E32-99AE5AF9E402}.Release|Any CPU.ActiveCfg = Release|Any CPU
		{2B7BEACF-AFE8-4E62-9E32-99AE5AF9E402}.Release|Any CPU.Build.0 = Release|Any CPU
		{2B7BEACF-AFE8-4E62-9E32-99AE5AF9E402}.Release|x64.ActiveCfg = Release|Any CPU
		{2B7BEACF-AFE8-4E62-9E32-99AE5AF9E402}.Release|x64.Build.0 = Release|Any CPU
		{2B7BEACF-AFE8-4E62-9E32-99AE5AF9E402}.Release|x86.ActiveCfg = Release|Any CPU
		{2B7BEACF-AFE8-4E62-9E32-99AE5AF9E402}.Release|x86.Build.0 = Release|Any CPU
		{4E90EEBB-0B15-4EA2-84A1-981EE1496813}.Debug|Any CPU.ActiveCfg = Debug|Any CPU
		{4E90EEBB-0B15-4EA2-84A1-981EE1496813}.Debug|Any CPU.Build.0 = Debug|Any CPU
		{4E90EEBB-0B15-4EA2-84A1-981EE1496813}.Debug|x64.ActiveCfg = Debug|Any CPU
		{4E90EEBB-0B15-4EA2-84A1-981EE1496813}.Debug|x64.Build.0 = Debug|Any CPU
		{4E90EEBB-0B15-4EA2-84A1-981EE1496813}.Debug|x86.ActiveCfg = Debug|Any CPU
		{4E90EEBB-0B15-4EA2-84A1-981EE1496813}.Debug|x86.Build.0 = Debug|Any CPU
		{4E90EEBB-0B15-4EA2-84A1-981EE1496813}.Release|Any CPU.ActiveCfg = Release|Any CPU
		{4E90EEBB-0B15-4EA2-84A1-981EE1496813}.Release|Any CPU.Build.0 = Release|Any CPU
		{4E90EEBB-0B15-4EA2-84A1-981EE1496813}.Release|x64.ActiveCfg = Release|Any CPU
		{4E90EEBB-0B15-4EA2-84A1-981EE1496813}.Release|x64.Build.0 = Release|Any CPU
		{4E90EEBB-0B15-4EA2-84A1-981EE1496813}.Release|x86.ActiveCfg = Release|Any CPU
		{4E90EEBB-0B15-4EA2-84A1-981EE1496813}.Release|x86.Build.0 = Release|Any CPU
		{7A6268AA-61C4-4F3D-B826-A8FFD6DD2CA3}.Debug|Any CPU.ActiveCfg = Debug|Any CPU
		{7A6268AA-61C4-4F3D-B826-A8FFD6DD2CA3}.Debug|Any CPU.Build.0 = Debug|Any CPU
		{7A6268AA-61C4-4F3D-B826-A8FFD6DD2CA3}.Debug|x64.ActiveCfg = Debug|Any CPU
		{7A6268AA-61C4-4F3D-B826-A8FFD6DD2CA3}.Debug|x64.Build.0 = Debug|Any CPU
		{7A6268AA-61C4-4F3D-B826-A8FFD6DD2CA3}.Debug|x86.ActiveCfg = Debug|Any CPU
		{7A6268AA-61C4-4F3D-B826-A8FFD6DD2CA3}.Debug|x86.Build.0 = Debug|Any CPU
		{7A6268AA-61C4-4F3D-B826-A8FFD6DD2CA3}.Release|Any CPU.ActiveCfg = Release|Any CPU
		{7A6268AA-61C4-4F3D-B826-A8FFD6DD2CA3}.Release|Any CPU.Build.0 = Release|Any CPU
		{7A6268AA-61C4-4F3D-B826-A8FFD6DD2CA3}.Release|x64.ActiveCfg = Release|Any CPU
		{7A6268AA-61C4-4F3D-B826-A8FFD6DD2CA3}.Release|x64.Build.0 = Release|Any CPU
		{7A6268AA-61C4-4F3D-B826-A8FFD6DD2CA3}.Release|x86.ActiveCfg = Release|Any CPU
		{7A6268AA-61C4-4F3D-B826-A8FFD6DD2CA3}.Release|x86.Build.0 = Release|Any CPU
	EndGlobalSection
	GlobalSection(SolutionProperties) = preSolution
		HideSolutionNode = FALSE
	EndGlobalSection
EndGlobal
